<?xml version="1.0" encoding="utf-8"?>
<Project ToolsVersion="4.0" xmlns="http://schemas.microsoft.com/developer/msbuild/2003">
  <ItemGroup>
    <Filter Include="Form Files">
      <UniqueIdentifier>{99349809-55BA-4b9d-BF79-8FDBB0286EB3}</UniqueIdentifier>
      <Extensions>ui</Extensions>
      <ParseFiles>false</ParseFiles>
    </Filter>
    <Filter Include="Form Files">
      <UniqueIdentifier>{99349809-55BA-4b9d-BF79-8FDBB0286EB3}</UniqueIdentifier>
      <Extensions>ui</Extensions>
      <ParseFiles>false</ParseFiles>
    </Filter>
    <Filter Include="Generated Files">
      <UniqueIdentifier>{71ED8ED8-ACB9-4CE9-BBE1-E00B30144E11}</UniqueIdentifier>
      <Extensions>cpp;c;cxx;moc;h;def;odl;idl;res;</Extensions>
    </Filter>
    <Filter Include="Generated Files">
      <UniqueIdentifier>{71ED8ED8-ACB9-4CE9-BBE1-E00B30144E11}</UniqueIdentifier>
      <Extensions>cpp;c;cxx;moc;h;def;odl;idl;res;</Extensions>
    </Filter>
    <Filter Include="Header Files">
      <UniqueIdentifier>{93995380-89BD-4b04-88EB-625FBE52EBFB}</UniqueIdentifier>
      <Extensions>h;hpp;hxx;hm;inl;inc;xsd</Extensions>
    </Filter>
    <Filter Include="Header Files">
      <UniqueIdentifier>{93995380-89BD-4b04-88EB-625FBE52EBFB}</UniqueIdentifier>
      <Extensions>h;hpp;hxx;hm;inl;inc;xsd</Extensions>
    </Filter>
    <Filter Include="Source Files">
      <UniqueIdentifier>{4FC737F1-C7A5-4376-A066-2A32D752A2FF}</UniqueIdentifier>
      <Extensions>cpp;c;cxx;def;odl;idl;hpj;bat;asm;asmx</Extensions>
    </Filter>
    <Filter Include="Source Files">
      <UniqueIdentifier>{4FC737F1-C7A5-4376-A066-2A32D752A2FF}</UniqueIdentifier>
      <Extensions>cpp;c;cxx;def;odl;idl;hpj;bat;asm;asmx</Extensions>
    </Filter>
    <Filter Include="Generated Files\Debug">
      <UniqueIdentifier>{447bae43-5e65-4c47-8b20-981028462ebd}</UniqueIdentifier>
      <Extensions>cpp;moc</Extensions>
      <SourceControlFiles>False</SourceControlFiles>
    </Filter>
    <Filter Include="Generated Files\Release">
      <UniqueIdentifier>{04b4b48b-8fb5-4a6f-a947-e5453c3e264f}</UniqueIdentifier>
      <Extensions>cpp;moc</Extensions>
      <SourceControlFiles>False</SourceControlFiles>
    </Filter>
    <Filter Include="Source Files\memread">
      <UniqueIdentifier>{73820e3f-a53c-4290-a98e-d1851185bb35}</UniqueIdentifier>
    </Filter>
    <Filter Include="Header Files\memread">
      <UniqueIdentifier>{baf4284e-1eed-4700-9996-c49a6927f5a0}</UniqueIdentifier>
    </Filter>
    <Filter Include="Header Files\graphicsitems">
      <UniqueIdentifier>{b935cc29-3ff3-480c-bd36-4f1044907eaa}</UniqueIdentifier>
    </Filter>
    <Filter Include="Header Files\model">
      <UniqueIdentifier>{a9496a97-17d5-4948-b97e-02dee7645cea}</UniqueIdentifier>
    </Filter>
    <Filter Include="Source Files\graphicsitems">
      <UniqueIdentifier>{b2750c68-0d0d-430b-84ce-75fb77a0891f}</UniqueIdentifier>
    </Filter>
    <Filter Include="Source Files\model">
      <UniqueIdentifier>{92ae687a-d2e5-44c5-a15b-32579a3e54a5}</UniqueIdentifier>
    </Filter>
    <Filter Include="Header Files\libqxt">
      <UniqueIdentifier>{59d19cec-edd6-46db-b525-e05d7ae292c6}</UniqueIdentifier>
    </Filter>
    <Filter Include="Source Files\libqxt">
      <UniqueIdentifier>{61d188b9-8f69-4186-9109-36ce8c1a8747}</UniqueIdentifier>
    </Filter>
  </ItemGroup>
  <ItemGroup>
    <ClCompile Include="main.cpp">
      <Filter>Source Files</Filter>
    </ClCompile>
    <ClCompile Include="mainwindow.cpp">
      <Filter>Source Files</Filter>
    </ClCompile>
    <ClCompile Include="trackview.cpp">
      <Filter>Source Files</Filter>
    </ClCompile>
    <ClCompile Include="Debug\moc_mainwindow.cpp">
      <Filter>Generated Files\Debug</Filter>
    </ClCompile>
    <ClCompile Include="Release\moc_mainwindow.cpp">
      <Filter>Generated Files\Release</Filter>
    </ClCompile>
    <ClCompile Include="Debug\moc_trackview.cpp">
      <Filter>Generated Files\Debug</Filter>
    </ClCompile>
    <ClCompile Include="Release\moc_trackview.cpp">
      <Filter>Generated Files\Release</Filter>
    </ClCompile>
    <ClCompile Include="memread\zusimemoryreader.cpp">
      <Filter>Source Files\memread</Filter>
    </ClCompile>
    <ClCompile Include="memread\zusimemoryreaderwindows.cpp">
      <Filter>Source Files\memread</Filter>
    </ClCompile>
    <ClCompile Include="memread\zusimemoryreaderexception.cpp">
      <Filter>Source Files\memread</Filter>
    </ClCompile>
    <ClCompile Include="Debug\moc_fahrstrassesegmentitem.cpp">
      <Filter>Generated Files\Debug</Filter>
    </ClCompile>
    <ClCompile Include="Release\moc_fahrstrassesegmentitem.cpp">
      <Filter>Generated Files\Release</Filter>
    </ClCompile>
    <ClCompile Include="graphicsitems\fahrstrassesegmentitem.cpp">
      <Filter>Source Files\graphicsitems</Filter>
    </ClCompile>
    <ClCompile Include="Debug\moc_fahrstrassesegment.cpp">
      <Filter>Generated Files\Debug</Filter>
    </ClCompile>
    <ClCompile Include="Release\moc_fahrstrassesegment.cpp">
      <Filter>Generated Files\Release</Filter>
    </ClCompile>
    <ClCompile Include="model\fahrstrassesegment.cpp">
      <Filter>Source Files\model</Filter>
    </ClCompile>
    <ClCompile Include="trainmanager.cpp">
      <Filter>Source Files</Filter>
    </ClCompile>
    <ClCompile Include="Debug\moc_trainmanager.cpp">
      <Filter>Generated Files\Debug</Filter>
    </ClCompile>
    <ClCompile Include="Release\moc_trainmanager.cpp">
      <Filter>Generated Files\Release</Filter>
    </ClCompile>
    <ClCompile Include="graphicsitems\minwidthpathitem.cpp">
      <Filter>Source Files\graphicsitems</Filter>
    </ClCompile>
    <ClCompile Include="model\train.cpp">
      <Filter>Source Files\model</Filter>
    </ClCompile>
    <ClCompile Include="graphicsitems\fahrstrasseaufloesenmarker.cpp">
      <Filter>Source Files\graphicsitems</Filter>
    </ClCompile>
    <ClCompile Include="graphicsitems\label.cpp">
      <Filter>Source Files\graphicsitems</Filter>
    </ClCompile>
    <ClCompile Include="graphicsitems\marker.cpp">
      <Filter>Source Files\graphicsitems</Filter>
    </ClCompile>
    <ClCompile Include="graphicsitems\signalmarker.cpp">
      <Filter>Source Files\graphicsitems</Filter>
    </ClCompile>
    <ClCompile Include="graphicsitems\startingpoint.cpp">
      <Filter>Source Files\graphicsitems</Filter>
    </ClCompile>
    <ClCompile Include="graphicsitems\tracksegment.cpp">
      <Filter>Source Files\graphicsitems</Filter>
    </ClCompile>
    <ClCompile Include="graphicsitems\trainitem.cpp">
      <Filter>Source Files\graphicsitems</Filter>
    </ClCompile>
    <ClCompile Include="graphicsitems\viewpoint.cpp">
      <Filter>Source Files\graphicsitems</Filter>
    </ClCompile>
    <ClCompile Include="graphicsitems\wendepunkt.cpp">
      <Filter>Source Files\graphicsitems</Filter>
    </ClCompile>
    <ClCompile Include="Debug\moc_register.cpp">
      <Filter>Generated Files\Debug</Filter>
    </ClCompile>
    <ClCompile Include="Release\moc_register.cpp">
      <Filter>Generated Files\Release</Filter>
    </ClCompile>
    <ClCompile Include="model\register.cpp">
      <Filter>Source Files\model</Filter>
    </ClCompile>
    <ClCompile Include="model\route.cpp">
      <Filter>Source Files\model</Filter>
    </ClCompile>
    <ClCompile Include="model\trackelement.cpp">
      <Filter>Source Files\model</Filter>
    </ClCompile>
    <ClCompile Include="model\statictraininfo.cpp">
      <Filter>Source Files\model</Filter>
    </ClCompile>
    <ClCompile Include="savecapturedialog.cpp">
      <Filter>Source Files</Filter>
    </ClCompile>
    <ClCompile Include="Debug\moc_savecapturedialog.cpp">
      <Filter>Generated Files\Debug</Filter>
    </ClCompile>
    <ClCompile Include="Release\moc_savecapturedialog.cpp">
      <Filter>Generated Files\Release</Filter>
    </ClCompile>
    <ClCompile Include="utils.cpp">
      <Filter>Source Files</Filter>
    </ClCompile>
    <ClCompile Include="Debug\moc_qxtspanslider.cpp">
      <Filter>Generated Files\Debug</Filter>
    </ClCompile>
    <ClCompile Include="Release\moc_qxtspanslider.cpp">
      <Filter>Generated Files\Release</Filter>
    </ClCompile>
    <ClCompile Include="Debug\moc_qxtspanslider_p.cpp">
      <Filter>Generated Files\Debug</Filter>
    </ClCompile>
    <ClCompile Include="Release\moc_qxtspanslider_p.cpp">
      <Filter>Generated Files\Release</Filter>
    </ClCompile>
    <ClCompile Include="libqxt\qxtglobal.cpp">
      <Filter>Source Files\libqxt</Filter>
    </ClCompile>
    <ClCompile Include="libqxt\qxtspanslider.cpp">
      <Filter>Source Files\libqxt</Filter>
    </ClCompile>
    <ClCompile Include="graphicsitems\registermarker.cpp">
      <Filter>Source Files\graphicsitems</Filter>
    </ClCompile>
  </ItemGroup>
  <ItemGroup>
    <CustomBuild Include="mainwindow.h">
      <Filter>Header Files</Filter>
    </CustomBuild>
    <CustomBuild Include="trackview.h">
      <Filter>Header Files</Filter>
    </CustomBuild>
    <ClInclude Include="GeneratedFiles\ui_mainwindow.h">
      <Filter>Generated Files</Filter>
    </ClInclude>
    <ClInclude Include="memread\zusimemoryreader.h">
      <Filter>Header Files\memread</Filter>
    </ClInclude>
    <ClInclude Include="memread\zusimemoryreaderwindows.h">
      <Filter>Header Files\memread</Filter>
    </ClInclude>
    <ClInclude Include="memread\zusimemoryreaderexception.h">
      <Filter>Header Files\memread</Filter>
    </ClInclude>
    <ClInclude Include="model\statictraininfo.h">
      <Filter>Header Files\model</Filter>
    </ClInclude>
    <ClInclude Include="graphicsitems\minwidthpathitem.h">
      <Filter>Header Files\graphicsitems</Filter>
    </ClInclude>
    <ClInclude Include="model\station.h">
      <Filter>Header Files\model</Filter>
    </ClInclude>
    <ClInclude Include="model\timetableentry.h">
      <Filter>Header Files\model</Filter>
    </ClInclude>
    <ClInclude Include="windowserrorhelper.h">
      <Filter>Header Files</Filter>
    </ClInclude>
    <ClInclude Include="graphicsitems\fahrstrasseaufloesenmarker.h">
      <Filter>Header Files\graphicsitems</Filter>
    </ClInclude>
    <CustomBuild Include="model\register.h">
      <Filter>Header Files\model</Filter>
    </CustomBuild>
    <CustomBuild Include="savecapturedialog.h">
      <Filter>Header Files</Filter>
    </CustomBuild>
    <CustomBuild Include="savecapturedialog.ui">
      <Filter>Form Files</Filter>
    </CustomBuild>
    <CustomBuild Include="libqxt\qxtspanslider.h">
      <Filter>Header Files\libqxt</Filter>
    </CustomBuild>
    <CustomBuild Include="libqxt\qxtspanslider_p.h">
      <Filter>Header Files\libqxt</Filter>
    </CustomBuild>
  </ItemGroup>
  <ItemGroup>
    <CustomBuild Include="mainwindow.ui">
      <Filter>Form Files</Filter>
    </CustomBuild>
    <CustomBuild Include="graphicsitems\fahrstrassesegmentitem.h">
      <Filter>Header Files\graphicsitems</Filter>
    </CustomBuild>
    <CustomBuild Include="model\fahrstrassesegment.h">
      <Filter>Header Files\model</Filter>
    </CustomBuild>
    <CustomBuild Include="trainmanager.h">
      <Filter>Header Files</Filter>
    </CustomBuild>
  </ItemGroup>
  <ItemGroup>
    <ClInclude Include="graphicsitems\label.h">
      <Filter>Header Files\graphicsitems</Filter>
    </ClInclude>
    <ClInclude Include="graphicsitems\marker.h">
      <Filter>Header Files\graphicsitems</Filter>
    </ClInclude>
    <ClInclude Include="graphicsitems\signalmarker.h">
      <Filter>Header Files\graphicsitems</Filter>
    </ClInclude>
    <ClInclude Include="graphicsitems\startingpoint.h">
      <Filter>Header Files\graphicsitems</Filter>
    </ClInclude>
    <ClInclude Include="graphicsitems\tracksegment.h">
      <Filter>Header Files\graphicsitems</Filter>
    </ClInclude>
    <ClInclude Include="graphicsitems\trainitem.h">
      <Filter>Header Files\graphicsitems</Filter>
    </ClInclude>
    <ClInclude Include="graphicsitems\viewpoint.h">
      <Filter>Header Files\graphicsitems</Filter>
    </ClInclude>
    <ClInclude Include="graphicsitems\wendepunkt.h">
      <Filter>Header Files\graphicsitems</Filter>
    </ClInclude>
    <ClInclude Include="model\trackelement.h">
      <Filter>Header Files\model</Filter>
    </ClInclude>
    <ClInclude Include="model\train.h">
      <Filter>Header Files\model</Filter>
    </ClInclude>
    <ClInclude Include="model\route.h">
      <Filter>Header Files\model</Filter>
    </ClInclude>
    <ClInclude Include="GeneratedFiles\ui_savecapturedialog.h">
      <Filter>Generated Files</Filter>
    </ClInclude>
    <ClInclude Include="utils.h">
      <Filter>Header Files</Filter>
    </ClInclude>
    <ClInclude Include="libqxt\qxtglobal.h">
      <Filter>Header Files\libqxt</Filter>
    </ClInclude>
    <ClInclude Include="graphicsitems\registermarker.h">
      <Filter>Header Files\graphicsitems</Filter>
    </ClInclude>
  </ItemGroup>
</Project>